{
  "name": "@chopped/client",
  "version": "1.0.0",
  "lockfileVersion": 2,
  "requires": true,
  "packages": {
    "": {
      "name": "@chopped/client",
      "version": "1.0.0",
      "license": "MIT",
      "devDependencies": {
        "@chopped/button-esm": "file:../packages/button-esm"
      }
    },
    "../packages/button-esm": {
      "version": "1.0.0",
      "dev": true,
      "license": "MIT"
    },
    "node_modules/@chopped/button-esm": {
      "resolved": "../packages/button-esm",
      "link": true
    }
  },
  "dependencies": {
    "@chopped/button-esm": {
      "version": "file:../packages/button-esm"
    }
  }
}
